
Microsoft Visual Studio Solution File, Format Version 12.00
# Visual Studio Version 17
VisualStudioVersion = 17.8.34309.116
MinimumVisualStudioVersion = 10.0.40219.1
Project("{9A19103F-16F7-4668-BE54-9A1E7A4F7556}") = "AuthApiService", "..\AuthApiService\AuthApiService.csproj", "{29A98485-C427-4F0C-B3EB-09EC86DAC438}"
EndProject
Project("{9A19103F-16F7-4668-BE54-9A1E7A4F7556}") = "TourService", "TourService\TourService.csproj", "{F10F7020-CF39-41D9-A946-669DD793764B}"
EndProject
Project("{9A19103F-16F7-4668-BE54-9A1E7A4F7556}") = "TembeaKenyaServiceBus", "TembeaKenyaServiceBus\TembeaKenyaServiceBus.csproj", "{E9035713-626E-415F-8BC2-D0B1C58CE86D}"
EndProject
Project("{9A19103F-16F7-4668-BE54-9A1E7A4F7556}") = "Mail Service", "Mail Service\Mail Service.csproj", "{F7D03D93-398C-4657-9083-EC855097B748}"
EndProject
Project("{9A19103F-16F7-4668-BE54-9A1E7A4F7556}") = "Coupon Service", "Coupon Service\Coupon Service.csproj", "{C86CB018-DD1F-42CF-846F-9F503B237D84}"
EndProject
Project("{9A19103F-16F7-4668-BE54-9A1E7A4F7556}") = "HotelService", "HotelService\HotelService.csproj", "{312B840C-F719-4AC9-9086-07B863BB9DCB}"
EndProject
Project("{FAE04EC0-301F-11D3-BF4B-00C04F79EFBC}") = "BookingService", "BookingService\BookingService.csproj", "{8C8B15DB-957C-4C44-8C74-F7E349321F97}"
EndProject
Global
	GlobalSection(SolutionConfigurationPlatforms) = preSolution
		Debug|Any CPU = Debug|Any CPU
		Release|Any CPU = Release|Any CPU
	EndGlobalSection
	GlobalSection(ProjectConfigurationPlatforms) = postSolution
		{29A98485-C427-4F0C-B3EB-09EC86DAC438}.Debug|Any CPU.ActiveCfg = Debug|Any CPU
		{29A98485-C427-4F0C-B3EB-09EC86DAC438}.Debug|Any CPU.Build.0 = Debug|Any CPU
		{29A98485-C427-4F0C-B3EB-09EC86DAC438}.Release|Any CPU.ActiveCfg = Release|Any CPU
		{29A98485-C427-4F0C-B3EB-09EC86DAC438}.Release|Any CPU.Build.0 = Release|Any CPU
		{F10F7020-CF39-41D9-A946-669DD793764B}.Debug|Any CPU.ActiveCfg = Debug|Any CPU
		{F10F7020-CF39-41D9-A946-669DD793764B}.Debug|Any CPU.Build.0 = Debug|Any CPU
		{F10F7020-CF39-41D9-A946-669DD793764B}.Release|Any CPU.ActiveCfg = Release|Any CPU
		{F10F7020-CF39-41D9-A946-669DD793764B}.Release|Any CPU.Build.0 = Release|Any CPU
		{E9035713-626E-415F-8BC2-D0B1C58CE86D}.Debug|Any CPU.ActiveCfg = Debug|Any CPU
		{E9035713-626E-415F-8BC2-D0B1C58CE86D}.Debug|Any CPU.Build.0 = Debug|Any CPU
		{E9035713-626E-415F-8BC2-D0B1C58CE86D}.Release|Any CPU.ActiveCfg = Release|Any CPU
		{E9035713-626E-415F-8BC2-D0B1C58CE86D}.Release|Any CPU.Build.0 = Release|Any CPU
		{F7D03D93-398C-4657-9083-EC855097B748}.Debug|Any CPU.ActiveCfg = Debug|Any CPU
		{F7D03D93-398C-4657-9083-EC855097B748}.Debug|Any CPU.Build.0 = Debug|Any CPU
		{F7D03D93-398C-4657-9083-EC855097B748}.Release|Any CPU.ActiveCfg = Release|Any CPU
		{F7D03D93-398C-4657-9083-EC855097B748}.Release|Any CPU.Build.0 = Release|Any CPU
		{C86CB018-DD1F-42CF-846F-9F503B237D84}.Debug|Any CPU.ActiveCfg = Debug|Any CPU
		{C86CB018-DD1F-42CF-846F-9F503B237D84}.Debug|Any CPU.Build.0 = Debug|Any CPU
		{C86CB018-DD1F-42CF-846F-9F503B237D84}.Release|Any CPU.ActiveCfg = Release|Any CPU
		{C86CB018-DD1F-42CF-846F-9F503B237D84}.Release|Any CPU.Build.0 = Release|Any CPU
		{312B840C-F719-4AC9-9086-07B863BB9DCB}.Debug|Any CPU.ActiveCfg = Debug|Any CPU
		{312B840C-F719-4AC9-9086-07B863BB9DCB}.Debug|Any CPU.Build.0 = Debug|Any CPU
		{312B840C-F719-4AC9-9086-07B863BB9DCB}.Release|Any CPU.ActiveCfg = Release|Any CPU
		{312B840C-F719-4AC9-9086-07B863BB9DCB}.Release|Any CPU.Build.0 = Release|Any CPU
		{8C8B15DB-957C-4C44-8C74-F7E349321F97}.Debug|Any CPU.ActiveCfg = Debug|Any CPU
		{8C8B15DB-957C-4C44-8C74-F7E349321F97}.Debug|Any CPU.Build.0 = Debug|Any CPU
		{8C8B15DB-957C-4C44-8C74-F7E349321F97}.Release|Any CPU.ActiveCfg = Release|Any CPU
		{8C8B15DB-957C-4C44-8C74-F7E349321F97}.Release|Any CPU.Build.0 = Release|Any CPU
	EndGlobalSection
	GlobalSection(SolutionProperties) = preSolution
		HideSolutionNode = FALSE
	EndGlobalSection
	GlobalSection(ExtensibilityGlobals) = postSolution
		SolutionGuid = {CFB6DC02-E04B-46E9-8FF1-49FD41DCD961}
	EndGlobalSection
EndGlobal
